
Microsoft Visual Studio Solution File, Format Version 12.00
# Visual Studio Version 16
VisualStudioVersion = 16.0.30320.27
MinimumVisualStudioVersion = 10.0.40219.1
Project("{FAE04EC0-301F-11D3-BF4B-00C04F79EFBC}") = "DefaultImplementationsInterfaces", "DefaultImplementationsInterfaces\DefaultImplementationsInterfaces.csproj", "{8532E98C-80A9-4EC1-9EA8-B0A2D1F205B6}"
EndProject
Global
	GlobalSection(SolutionConfigurationPlatforms) = preSolution
		Debug|Any CPU = Debug|Any CPU
		Release|Any CPU = Release|Any CPU
	EndGlobalSection
	GlobalSection(ProjectConfigurationPlatforms) = postSolution
		{8532E98C-80A9-4EC1-9EA8-B0A2D1F205B6}.Debug|Any CPU.ActiveCfg = Debug|Any CPU
		{8532E98C-80A9-4EC1-9EA8-B0A2D1F205B6}.Debug|Any CPU.Build.0 = Debug|Any CPU
		{8532E98C-80A9-4EC1-9EA8-B0A2D1F205B6}.Release|Any CPU.ActiveCfg = Release|Any CPU
		{8532E98C-80A9-4EC1-9EA8-B0A2D1F205B6}.Release|Any CPU.Build.0 = Release|Any CPU
	EndGlobalSection
	GlobalSection(SolutionProperties) = preSolution
		HideSolutionNode = FALSE
	EndGlobalSection
	GlobalSection(ExtensibilityGlobals) = postSolution
		SolutionGuid = {7CB58616-EAA8-4E67-8A76-FCE356C2FB1A}
	EndGlobalSection
EndGlobal
